
Microsoft Visual Studio Solution File, Format Version 12.00
# Visual Studio Version 16
VisualStudioVersion = 16.0.30011.22
MinimumVisualStudioVersion = 10.0.40219.1
Project("{9A19103F-16F7-4668-BE54-9A1E7A4F7556}") = "BlogCore", "BlogCore\BlogCore.csproj", "{FF51F2B6-4882-407E-A5BA-30889379B04F}"
EndProject
Project("{FAE04EC0-301F-11D3-BF4B-00C04F79EFBC}") = "BlogCore.AccesoDatos", "BlogCoreAccesoDatos\BlogCore.AccesoDatos.csproj", "{4472535B-C5DE-4360-99BE-D40EFE3F8C0B}"
EndProject
Project("{FAE04EC0-301F-11D3-BF4B-00C04F79EFBC}") = "BlogCore.Models", "BlogCore.Models\BlogCore.Models.csproj", "{7B1EE91F-46AB-4462-9EEB-724BFFC123FD}"
EndProject
Project("{FAE04EC0-301F-11D3-BF4B-00C04F79EFBC}") = "BlogCore.Utilidades", "BlogCore.Utilidades\BlogCore.Utilidades.csproj", "{538637D5-B9CA-44BC-B07D-37A142A5A183}"
EndProject
Global
	GlobalSection(SolutionConfigurationPlatforms) = preSolution
		Debug|Any CPU = Debug|Any CPU
		Release|Any CPU = Release|Any CPU
	EndGlobalSection
	GlobalSection(ProjectConfigurationPlatforms) = postSolution
		{FF51F2B6-4882-407E-A5BA-30889379B04F}.Debug|Any CPU.ActiveCfg = Debug|Any CPU
		{FF51F2B6-4882-407E-A5BA-30889379B04F}.Debug|Any CPU.Build.0 = Debug|Any CPU
		{FF51F2B6-4882-407E-A5BA-30889379B04F}.Release|Any CPU.ActiveCfg = Release|Any CPU
		{FF51F2B6-4882-407E-A5BA-30889379B04F}.Release|Any CPU.Build.0 = Release|Any CPU
		{4472535B-C5DE-4360-99BE-D40EFE3F8C0B}.Debug|Any CPU.ActiveCfg = Debug|Any CPU
		{4472535B-C5DE-4360-99BE-D40EFE3F8C0B}.Debug|Any CPU.Build.0 = Debug|Any CPU
		{4472535B-C5DE-4360-99BE-D40EFE3F8C0B}.Release|Any CPU.ActiveCfg = Release|Any CPU
		{4472535B-C5DE-4360-99BE-D40EFE3F8C0B}.Release|Any CPU.Build.0 = Release|Any CPU
		{7B1EE91F-46AB-4462-9EEB-724BFFC123FD}.Debug|Any CPU.ActiveCfg = Debug|Any CPU
		{7B1EE91F-46AB-4462-9EEB-724BFFC123FD}.Debug|Any CPU.Build.0 = Debug|Any CPU
		{7B1EE91F-46AB-4462-9EEB-724BFFC123FD}.Release|Any CPU.ActiveCfg = Release|Any CPU
		{7B1EE91F-46AB-4462-9EEB-724BFFC123FD}.Release|Any CPU.Build.0 = Release|Any CPU
		{538637D5-B9CA-44BC-B07D-37A142A5A183}.Debug|Any CPU.ActiveCfg = Debug|Any CPU
		{538637D5-B9CA-44BC-B07D-37A142A5A183}.Debug|Any CPU.Build.0 = Debug|Any CPU
		{538637D5-B9CA-44BC-B07D-37A142A5A183}.Release|Any CPU.ActiveCfg = Release|Any CPU
		{538637D5-B9CA-44BC-B07D-37A142A5A183}.Release|Any CPU.Build.0 = Release|Any CPU
	EndGlobalSection
	GlobalSection(SolutionProperties) = preSolution
		HideSolutionNode = FALSE
	EndGlobalSection
	GlobalSection(ExtensibilityGlobals) = postSolution
		SolutionGuid = {1BD7391B-FBC2-4988-83B4-3F0EB6545DA3}
	EndGlobalSection
EndGlobal
